github.com/disintegration/imaging v1.5.0 h1:uYqUhwNmLU4K1FN44vhqS4TZJRAA4RhBINgbQlKyGi0=
github.com/disintegration/imaging v1.5.0/go.mod h1:9B/deIUIrliYkyMTuXJd6OUFLcrZ2tf+3Qlwnaf/CjU=
github.com/julienschmidt/httprouter v0.0.0-20180715161854-348b672cd90d h1:of6+TpypLAaiv4JxgH5aplBZnt0b65B4v4c8q5oy+Sk=
github.com/julienschmidt/httprouter v0.0.0-20180715161854-348b672cd90d/go.mod h1:SYymIcj16QtmaHHD7aYtjjsJG7VTCxuUUipMqKk8s4w=
golang.org/x/image v0.0.0-20180708004352-c73c2afc3b81 h1:00VmoueYNlNz/aHIilyyQz/MHSqGoWJzpFv/HW8xpzI=
golang.org/x/image v0.0.0-20180708004352-c73c2afc3b81/go.mod h1:ux5Hcp/YLpHSI86hEcLt0YII63i6oz57MZXIpbrjZUs=
