github.com/disintegration/imaging v1.2.4 h1:eJRPGef+mQ4WZ8cED/pqElxW4+79zBjJYTjYv48GZOM=
github.com/disintegration/imaging v1.2.4/go.mod h1:9B/deIUIrliYkyMTuXJd6OUFLcrZ2tf+3Qlwnaf/CjU=
github.com/disintegration/imaging v1.5.0 h1:uYqUhwNmLU4K1FN44vhqS4TZJRAA4RhBINgbQlKyGi0=
github.com/disintegration/imaging v1.5.0/go.mod h1:9B/deIUIrliYkyMTuXJd6OUFLcrZ2tf+3Qlwnaf/CjU=
github.com/julienschmidt/httprouter v0.0.0-20150421170007-8c199fb6259f h1:uUls/Yg9JMVDQiD1vHplcHRNqz5wv6qylEXYM7JtLUY=
github.com/julienschmidt/httprouter v0.0.0-20150421170007-8c199fb6259f/go.mod h1:SYymIcj16QtmaHHD7aYtjjsJG7VTCxuUUipMqKk8s4w=
github.com/julienschmidt/httprouter v0.0.0-20180715161854-348b672cd90d h1:of6+TpypLAaiv4JxgH5aplBZnt0b65B4v4c8q5oy+Sk=
github.com/julienschmidt/httprouter v0.0.0-20180715161854-348b672cd90d/go.mod h1:SYymIcj16QtmaHHD7aYtjjsJG7VTCxuUUipMqKk8s4w=
golang.org/x/image v0.0.0-20171214225156-12117c17ca67 h1:L8S612DBEq9tpLTxczHuhrf5il+KEdSha8b5A5njQMc=
golang.org/x/image v0.0.0-20171214225156-12117c17ca67/go.mod h1:ux5Hcp/YLpHSI86hEcLt0YII63i6oz57MZXIpbrjZUs=
golang.org/x/image v0.0.0-20180708004352-c73c2afc3b81 h1:00VmoueYNlNz/aHIilyyQz/MHSqGoWJzpFv/HW8xpzI=
golang.org/x/image v0.0.0-20180708004352-c73c2afc3b81/go.mod h1:ux5Hcp/YLpHSI86hEcLt0YII63i6oz57MZXIpbrjZUs=
